
Microsoft Visual Studio Solution File, Format Version 12.00
# Visual Studio Version 16
VisualStudioVersion = 16.0.29424.173
MinimumVisualStudioVersion = 10.0.40219.1
Project("{FAE04EC0-301F-11D3-BF4B-00C04F79EFBC}") = "Tilbud med Identity", "Tilbud med Identity.csproj", "{0CB8919F-ECEA-482B-8944-CF00D1FD65BD}"
EndProject
Global
	GlobalSection(SolutionConfigurationPlatforms) = preSolution
		Debug|Any CPU = Debug|Any CPU
		Release|Any CPU = Release|Any CPU
	EndGlobalSection
	GlobalSection(ProjectConfigurationPlatforms) = postSolution
		{0CB8919F-ECEA-482B-8944-CF00D1FD65BD}.Debug|Any CPU.ActiveCfg = Debug|Any CPU
		{0CB8919F-ECEA-482B-8944-CF00D1FD65BD}.Debug|Any CPU.Build.0 = Debug|Any CPU
		{0CB8919F-ECEA-482B-8944-CF00D1FD65BD}.Release|Any CPU.ActiveCfg = Release|Any CPU
		{0CB8919F-ECEA-482B-8944-CF00D1FD65BD}.Release|Any CPU.Build.0 = Release|Any CPU
	EndGlobalSection
	GlobalSection(SolutionProperties) = preSolution
		HideSolutionNode = FALSE
	EndGlobalSection
	GlobalSection(ExtensibilityGlobals) = postSolution
		SolutionGuid = {AEDD0647-A063-436F-B944-624C54675856}
	EndGlobalSection
EndGlobal
